// !$*UTF8*$!
{
	archiveVersion = 1;
	classes = {
	};
	objectVersion = 55;
	objects = {

/* Begin PBXBuildFile section */
		17276B3926CBA5A700B2D155 /* RandomImageList.swift in Sources */ = {isa = PBXBuildFile; fileRef = 17276B3826CBA5A700B2D155 /* RandomImageList.swift */; };
		17276B3B26CBAC7C00B2D155 /* BreedListView.swift in Sources */ = {isa = PBXBuildFile; fileRef = 17276B3A26CBAC7C00B2D155 /* BreedListView.swift */; };
		17276B3D26CBB0C300B2D155 /* BreedDetailView.swift in Sources */ = {isa = PBXBuildFile; fileRef = 17276B3C26CBB0C300B2D155 /* BreedDetailView.swift */; };
		17276B3F26CBB17700B2D155 /* BreedRow.swift in Sources */ = {isa = PBXBuildFile; fileRef = 17276B3E26CBB17700B2D155 /* BreedRow.swift */; };
		17A9B47D26CA34B600E38F4C /* PuzzleAPpApp.swift in Sources */ = {isa = PBXBuildFile; fileRef = 17A9B47C26CA34B600E38F4C /* PuzzleAPpApp.swift */; };
		17A9B47F26CA34B600E38F4C /* ContentView.swift in Sources */ = {isa = PBXBuildFile; fileRef = 17A9B47E26CA34B600E38F4C /* ContentView.swift */; };
		17A9B48126CA34B800E38F4C /* Assets.xcassets in Resources */ = {isa = PBXBuildFile; fileRef = 17A9B48026CA34B800E38F4C /* Assets.xcassets */; };
		17A9B48426CA34B800E38F4C /* Preview Assets.xcassets in Resources */ = {isa = PBXBuildFile; fileRef = 17A9B48326CA34B800E38F4C /* Preview Assets.xcassets */; };
		17A9B48B26CA351F00E38F4C /* BreedFetcher.swift in Sources */ = {isa = PBXBuildFile; fileRef = 17A9B48A26CA351F00E38F4C /* BreedFetcher.swift */; };
		17A9B48E26CA354F00E38F4C /* Breed.swift in Sources */ = {isa = PBXBuildFile; fileRef = 17A9B48D26CA354F00E38F4C /* Breed.swift */; };
		17A9B49026CA355C00E38F4C /* BreedImage.swift in Sources */ = {isa = PBXBuildFile; fileRef = 17A9B48F26CA355C00E38F4C /* BreedImage.swift */; };
		17A9B49226CA35B800E38F4C /* RandomCatImageFetcher.swift in Sources */ = {isa = PBXBuildFile; fileRef = 17A9B49126CA35B800E38F4C /* RandomCatImageFetcher.swift */; };
		17A9B49826CA373300E38F4C /* ImageLoader.swift in Sources */ = {isa = PBXBuildFile; fileRef = 17A9B49626CA373300E38F4C /* ImageLoader.swift */; };
		17A9B49A26CA375D00E38F4C /* ImageCell.swift in Sources */ = {isa = PBXBuildFile; fileRef = 17A9B49926CA375D00E38F4C /* ImageCell.swift */; };
		17A9B49C26CA3C5D00E38F4C /* PuzzelView.swift in Sources */ = {isa = PBXBuildFile; fileRef = 17A9B49B26CA3C5D00E38F4C /* PuzzelView.swift */; };
		17A9B49E26CA3EDE00E38F4C /* PuzzlePiece.swift in Sources */ = {isa = PBXBuildFile; fileRef = 17A9B49D26CA3EDE00E38F4C /* PuzzlePiece.swift */; };
/* End PBXBuildFile section */

/* Begin PBXFileReference section */
		17276B3826CBA5A700B2D155 /* RandomImageList.swift */ = {isa = PBXFileReference; lastKnownFileType = sourcecode.swift; path = RandomImageList.swift; sourceTree = "<group>"; };
		17276B3A26CBAC7C00B2D155 /* BreedListView.swift */ = {isa = PBXFileReference; lastKnownFileType = sourcecode.swift; path = BreedListView.swift; sourceTree = "<group>"; };
		17276B3C26CBB0C300B2D155 /* BreedDetailView.swift */ = {isa = PBXFileReference; lastKnownFileType = sourcecode.swift; path = BreedDetailView.swift; sourceTree = "<group>"; };
		17276B3E26CBB17700B2D155 /* BreedRow.swift */ = {isa = PBXFileReference; lastKnownFileType = sourcecode.swift; path = BreedRow.swift; sourceTree = "<group>"; };
		17A9B47926CA34B600E38F4C /* PuzzleAPp.app */ = {isa = PBXFileReference; explicitFileType = wrapper.application; includeInIndex = 0; path = PuzzleAPp.app; sourceTree = BUILT_PRODUCTS_DIR; };
		17A9B47C26CA34B600E38F4C /* PuzzleAPpApp.swift */ = {isa = PBXFileReference; lastKnownFileType = sourcecode.swift; path = PuzzleAPpApp.swift; sourceTree = "<group>"; };
		17A9B47E26CA34B600E38F4C /* ContentView.swift */ = {isa = PBXFileReference; lastKnownFileType = sourcecode.swift; path = ContentView.swift; sourceTree = "<group>"; };
		17A9B48026CA34B800E38F4C /* Assets.xcassets */ = {isa = PBXFileReference; lastKnownFileType = folder.assetcatalog; path = Assets.xcassets; sourceTree = "<group>"; };
		17A9B48326CA34B800E38F4C /* Preview Assets.xcassets */ = {isa = PBXFileReference; lastKnownFileType = folder.assetcatalog; path = "Preview Assets.xcassets"; sourceTree = "<group>"; };
		17A9B48A26CA351F00E38F4C /* BreedFetcher.swift */ = {isa = PBXFileReference; lastKnownFileType = sourcecode.swift; path = BreedFetcher.swift; sourceTree = "<group>"; };
		17A9B48D26CA354F00E38F4C /* Breed.swift */ = {isa = PBXFileReference; lastKnownFileType = sourcecode.swift; path = Breed.swift; sourceTree = "<group>"; };
		17A9B48F26CA355C00E38F4C /* BreedImage.swift */ = {isa = PBXFileReference; lastKnownFileType = sourcecode.swift; path = BreedImage.swift; sourceTree = "<group>"; };
		17A9B49126CA35B800E38F4C /* RandomCatImageFetcher.swift */ = {isa = PBXFileReference; lastKnownFileType = sourcecode.swift; path = RandomCatImageFetcher.swift; sourceTree = "<group>"; };
		17A9B49626CA373300E38F4C /* ImageLoader.swift */ = {isa = PBXFileReference; fileEncoding = 4; lastKnownFileType = sourcecode.swift; path = ImageLoader.swift; sourceTree = "<group>"; };
		17A9B49926CA375D00E38F4C /* ImageCell.swift */ = {isa = PBXFileReference; lastKnownFileType = sourcecode.swift; path = ImageCell.swift; sourceTree = "<group>"; };
		17A9B49B26CA3C5D00E38F4C /* PuzzelView.swift */ = {isa = PBXFileReference; lastKnownFileType = sourcecode.swift; path = PuzzelView.swift; sourceTree = "<group>"; };
		17A9B49D26CA3EDE00E38F4C /* PuzzlePiece.swift */ = {isa = PBXFileReference; lastKnownFileType = sourcecode.swift; path = PuzzlePiece.swift; sourceTree = "<group>"; };
/* End PBXFileReference section */

/* Begin PBXFrameworksBuildPhase section */
		17A9B47626CA34B600E38F4C /* Frameworks */ = {
			isa = PBXFrameworksBuildPhase;
			buildActionMask = 2147483647;
			files = (
			);
			runOnlyForDeploymentPostprocessing = 0;
		};
/* End PBXFrameworksBuildPhase section */

/* Begin PBXGroup section */
		17A9B47026CA34B600E38F4C = {
			isa = PBXGroup;
			children = (
				17A9B47B26CA34B600E38F4C /* PuzzleAPp */,
				17A9B47A26CA34B600E38F4C /* Products */,
			);
			sourceTree = "<group>";
		};
		17A9B47A26CA34B600E38F4C /* Products */ = {
			isa = PBXGroup;
			children = (
				17A9B47926CA34B600E38F4C /* PuzzleAPp.app */,
			);
			name = Products;
			sourceTree = "<group>";
		};
		17A9B47B26CA34B600E38F4C /* PuzzleAPp */ = {
			isa = PBXGroup;
			children = (
				17A9B47C26CA34B600E38F4C /* PuzzleAPpApp.swift */,
				17A9B47E26CA34B600E38F4C /* ContentView.swift */,
				17276B3826CBA5A700B2D155 /* RandomImageList.swift */,
				17276B3A26CBAC7C00B2D155 /* BreedListView.swift */,
				17276B3E26CBB17700B2D155 /* BreedRow.swift */,
				17276B3C26CBB0C300B2D155 /* BreedDetailView.swift */,
				17A9B49926CA375D00E38F4C /* ImageCell.swift */,
				17A9B49B26CA3C5D00E38F4C /* PuzzelView.swift */,
				17A9B49D26CA3EDE00E38F4C /* PuzzlePiece.swift */,
				17A9B48C26CA353A00E38F4C /* network */,
				17A9B49326CA371A00E38F4C /* model */,
				17A9B48026CA34B800E38F4C /* Assets.xcassets */,
				17A9B48226CA34B800E38F4C /* Preview Content */,
			);
			path = PuzzleAPp;
			sourceTree = "<group>";
		};
		17A9B48226CA34B800E38F4C /* Preview Content */ = {
			isa = PBXGroup;
			children = (
				17A9B48326CA34B800E38F4C /* Preview Assets.xcassets */,
			);
			path = "Preview Content";
			sourceTree = "<group>";
		};
		17A9B48C26CA353A00E38F4C /* network */ = {
			isa = PBXGroup;
			children = (
				17A9B48A26CA351F00E38F4C /* BreedFetcher.swift */,
				17A9B49126CA35B800E38F4C /* RandomCatImageFetcher.swift */,
				17A9B49426CA372600E38F4C /* image  */,
			);
			path = network;
			sourceTree = "<group>";
		};
		17A9B49326CA371A00E38F4C /* model */ = {
			isa = PBXGroup;
			children = (
				17A9B48D26CA354F00E38F4C /* Breed.swift */,
				17A9B48F26CA355C00E38F4C /* BreedImage.swift */,
			);
			path = model;
			sourceTree = "<group>";
		};
		17A9B49426CA372600E38F4C /* image  */ = {
			isa = PBXGroup;
			children = (
				17A9B49626CA373300E38F4C /* ImageLoader.swift */,
			);
			path = "image ";
			sourceTree = "<group>";
		};
/* End PBXGroup section */

/* Begin PBXNativeTarget section */
		17A9B47826CA34B600E38F4C /* PuzzleAPp */ = {
			isa = PBXNativeTarget;
			buildConfigurationList = 17A9B48726CA34B800E38F4C /* Build configuration list for PBXNativeTarget "PuzzleAPp" */;
			buildPhases = (
				17A9B47526CA34B600E38F4C /* Sources */,
				17A9B47626CA34B600E38F4C /* Frameworks */,
				17A9B47726CA34B600E38F4C /* Resources */,
			);
			buildRules = (
			);
			dependencies = (
			);
			name = PuzzleAPp;
			productName = PuzzleAPp;
			productReference = 17A9B47926CA34B600E38F4C /* PuzzleAPp.app */;
			productType = "com.apple.product-type.application";
		};
/* End PBXNativeTarget section */

/* Begin PBXProject section */
		17A9B47126CA34B600E38F4C /* Project object */ = {
			isa = PBXProject;
			attributes = {
				BuildIndependentTargetsInParallel = 1;
				LastSwiftUpdateCheck = 1300;
				LastUpgradeCheck = 1300;
				TargetAttributes = {
					17A9B47826CA34B600E38F4C = {
						CreatedOnToolsVersion = 13.0;
					};
				};
			};
			buildConfigurationList = 17A9B47426CA34B600E38F4C /* Build configuration list for PBXProject "PuzzleAPp" */;
			compatibilityVersion = "Xcode 13.0";
			developmentRegion = en;
			hasScannedForEncodings = 0;
			knownRegions = (
				en,
				Base,
			);
			mainGroup = 17A9B47026CA34B600E38F4C;
			productRefGroup = 17A9B47A26CA34B600E38F4C /* Products */;
			projectDirPath = "";
			projectRoot = "";
			targets = (
				17A9B47826CA34B600E38F4C /* PuzzleAPp */,
			);
		};
/* End PBXProject section */

/* Begin PBXResourcesBuildPhase section */
		17A9B47726CA34B600E38F4C /* Resources */ = {
			isa = PBXResourcesBuildPhase;
			buildActionMask = 2147483647;
			files = (
				17A9B48426CA34B800E38F4C /* Preview Assets.xcassets in Resources */,
				17A9B48126CA34B800E38F4C /* Assets.xcassets in Resources */,
			);
			runOnlyForDeploymentPostprocessing = 0;
		};
/* End PBXResourcesBuildPhase section */

/* Begin PBXSourcesBuildPhase section */
		17A9B47526CA34B600E38F4C /* Sources */ = {
			isa = PBXSourcesBuildPhase;
			buildActionMask = 2147483647;
			files = (
				17A9B48E26CA354F00E38F4C /* Breed.swift in Sources */,
				17A9B47F26CA34B600E38F4C /* ContentView.swift in Sources */,
				17A9B49A26CA375D00E38F4C /* ImageCell.swift in Sources */,
				17A9B47D26CA34B600E38F4C /* PuzzleAPpApp.swift in Sources */,
				17276B3926CBA5A700B2D155 /* RandomImageList.swift in Sources */,
				17A9B49C26CA3C5D00E38F4C /* PuzzelView.swift in Sources */,
				17A9B49026CA355C00E38F4C /* BreedImage.swift in Sources */,
				17A9B48B26CA351F00E38F4C /* BreedFetcher.swift in Sources */,
				17A9B49E26CA3EDE00E38F4C /* PuzzlePiece.swift in Sources */,
				17276B3F26CBB17700B2D155 /* BreedRow.swift in Sources */,
				17A9B49826CA373300E38F4C /* ImageLoader.swift in Sources */,
				17276B3D26CBB0C300B2D155 /* BreedDetailView.swift in Sources */,
				17A9B49226CA35B800E38F4C /* RandomCatImageFetcher.swift in Sources */,
				17276B3B26CBAC7C00B2D155 /* BreedListView.swift in Sources */,
			);
			runOnlyForDeploymentPostprocessing = 0;
		};
/* End PBXSourcesBuildPhase section */

/* Begin XCBuildConfiguration section */
		17A9B48526CA34B800E38F4C /* Debug */ = {
			isa = XCBuildConfiguration;
			buildSettings = {
				ALWAYS_SEARCH_USER_PATHS = NO;
				CLANG_ANALYZER_NONNULL = YES;
				CLANG_ANALYZER_NUMBER_OBJECT_CONVERSION = YES_AGGRESSIVE;
				CLANG_CXX_LANGUAGE_STANDARD = "gnu++17";
				CLANG_CXX_LIBRARY = "libc++";
				CLANG_ENABLE_MODULES = YES;
				CLANG_ENABLE_OBJC_ARC = YES;
				CLANG_ENABLE_OBJC_WEAK = YES;
				CLANG_WARN_BLOCK_CAPTURE_AUTORELEASING = YES;
				CLANG_WARN_BOOL_CONVERSION = YES;
				CLANG_WARN_COMMA = YES;
				CLANG_WARN_CONSTANT_CONVERSION = YES;
				CLANG_WARN_DEPRECATED_OBJC_IMPLEMENTATIONS = YES;
				CLANG_WARN_DIRECT_OBJC_ISA_USAGE = YES_ERROR;
				CLANG_WARN_DOCUMENTATION_COMMENTS = YES;
				CLANG_WARN_EMPTY_BODY = YES;
				CLANG_WARN_ENUM_CONVERSION = YES;
				CLANG_WARN_INFINITE_RECURSION = YES;
				CLANG_WARN_INT_CONVERSION = YES;
				CLANG_WARN_NON_LITERAL_NULL_CONVERSION = YES;
				CLANG_WARN_OBJC_IMPLICIT_RETAIN_SELF = YES;
				CLANG_WARN_OBJC_LITERAL_CONVERSION = YES;
				CLANG_WARN_OBJC_ROOT_CLASS = YES_ERROR;
				CLANG_WARN_QUOTED_INCLUDE_IN_FRAMEWORK_HEADER = YES;
				CLANG_WARN_RANGE_LOOP_ANALYSIS = YES;
				CLANG_WARN_STRICT_PROTOTYPES = YES;
				CLANG_WARN_SUSPICIOUS_MOVE = YES;
				CLANG_WARN_UNGUARDED_AVAILABILITY = YES_AGGRESSIVE;
				CLANG_WARN_UNREACHABLE_CODE = YES;
				CLANG_WARN__DUPLICATE_METHOD_MATCH = YES;
				COPY_PHASE_STRIP = NO;
				DEBUG_INFORMATION_FORMAT = dwarf;
				ENABLE_STRICT_OBJC_MSGSEND = YES;
				ENABLE_TESTABILITY = YES;
				GCC_C_LANGUAGE_STANDARD = gnu11;
				GCC_DYNAMIC_NO_PIC = NO;
				GCC_NO_COMMON_BLOCKS = YES;
				GCC_OPTIMIZATION_LEVEL = 0;
				GCC_PREPROCESSOR_DEFINITIONS = (
					"DEBUG=1",
					"$(inherited)",
				);
				GCC_WARN_64_TO_32_BIT_CONVERSION = YES;
				GCC_WARN_ABOUT_RETURN_TYPE = YES_ERROR;
				GCC_WARN_UNDECLARED_SELECTOR = YES;
				GCC_WARN_UNINITIALIZED_AUTOS = YES_AGGRESSIVE;
				GCC_WARN_UNUSED_FUNCTION = YES;
				GCC_WARN_UNUSED_VARIABLE = YES;
				IPHONEOS_DEPLOYMENT_TARGET = 15.0;
				MTL_ENABLE_DEBUG_INFO = INCLUDE_SOURCE;
				MTL_FAST_MATH = YES;
				ONLY_ACTIVE_ARCH = YES;
				SDKROOT = iphoneos;
				SWIFT_ACTIVE_COMPILATION_CONDITIONS = DEBUG;
				SWIFT_OPTIMIZATION_LEVEL = "-Onone";
			};
			name = Debug;
		};
		17A9B48626CA34B800E38F4C /* Release */ = {
			isa = XCBuildConfiguration;
			buildSettings = {
				ALWAYS_SEARCH_USER_PATHS = NO;
				CLANG_ANALYZER_NONNULL = YES;
				CLANG_ANALYZER_NUMBER_OBJECT_CONVERSION = YES_AGGRESSIVE;
				CLANG_CXX_LANGUAGE_STANDARD = "gnu++17";
				CLANG_CXX_LIBRARY = "libc++";
				CLANG_ENABLE_MODULES = YES;
				CLANG_ENABLE_OBJC_ARC = YES;
				CLANG_ENABLE_OBJC_WEAK = YES;
				CLANG_WARN_BLOCK_CAPTURE_AUTORELEASING = YES;
				CLANG_WARN_BOOL_CONVERSION = YES;
				CLANG_WARN_COMMA = YES;
				CLANG_WARN_CONSTANT_CONVERSION = YES;
				CLANG_WARN_DEPRECATED_OBJC_IMPLEMENTATIONS = YES;
				CLANG_WARN_DIRECT_OBJC_ISA_USAGE = YES_ERROR;
				CLANG_WARN_DOCUMENTATION_COMMENTS = YES;
				CLANG_WARN_EMPTY_BODY = YES;
				CLANG_WARN_ENUM_CONVERSION = YES;
				CLANG_WARN_INFINITE_RECURSION = YES;
				CLANG_WARN_INT_CONVERSION = YES;
				CLANG_WARN_NON_LITERAL_NULL_CONVERSION = YES;
				CLANG_WARN_OBJC_IMPLICIT_RETAIN_SELF = YES;
				CLANG_WARN_OBJC_LITERAL_CONVERSION = YES;
				CLANG_WARN_OBJC_ROOT_CLASS = YES_ERROR;
				CLANG_WARN_QUOTED_INCLUDE_IN_FRAMEWORK_HEADER = YES;
				CLANG_WARN_RANGE_LOOP_ANALYSIS = YES;
				CLANG_WARN_STRICT_PROTOTYPES = YES;
				CLANG_WARN_SUSPICIOUS_MOVE = YES;
				CLANG_WARN_UNGUARDED_AVAILABILITY = YES_AGGRESSIVE;
				CLANG_WARN_UNREACHABLE_CODE = YES;
				CLANG_WARN__DUPLICATE_METHOD_MATCH = YES;
				COPY_PHASE_STRIP = NO;
				DEBUG_INFORMATION_FORMAT = "dwarf-with-dsym";
				ENABLE_NS_ASSERTIONS = NO;
				ENABLE_STRICT_OBJC_MSGSEND = YES;
				GCC_C_LANGUAGE_STANDARD = gnu11;
				GCC_NO_COMMON_BLOCKS = YES;
				GCC_WARN_64_TO_32_BIT_CONVERSION = YES;
				GCC_WARN_ABOUT_RETURN_TYPE = YES_ERROR;
				GCC_WARN_UNDECLARED_SELECTOR = YES;
				GCC_WARN_UNINITIALIZED_AUTOS = YES_AGGRESSIVE;
				GCC_WARN_UNUSED_FUNCTION = YES;
				GCC_WARN_UNUSED_VARIABLE = YES;
				IPHONEOS_DEPLOYMENT_TARGET = 15.0;
				MTL_ENABLE_DEBUG_INFO = NO;
				MTL_FAST_MATH = YES;
				SDKROOT = iphoneos;
				SWIFT_COMPILATION_MODE = wholemodule;
				SWIFT_OPTIMIZATION_LEVEL = "-O";
				VALIDATE_PRODUCT = YES;
			};
			name = Release;
		};
		17A9B48826CA34B800E38F4C /* Debug */ = {
			isa = XCBuildConfiguration;
			buildSettings = {
				ASSETCATALOG_COMPILER_APPICON_NAME = AppIcon;
				ASSETCATALOG_COMPILER_GLOBAL_ACCENT_COLOR_NAME = AccentColor;
				CODE_SIGN_STYLE = Automatic;
				CURRENT_PROJECT_VERSION = 1;
				DEVELOPMENT_ASSET_PATHS = "\"PuzzleAPp/Preview Content\"";
				ENABLE_PREVIEWS = YES;
				GENERATE_INFOPLIST_FILE = YES;
				INFOPLIST_KEY_UIApplicationSceneManifest_Generation = YES;
				INFOPLIST_KEY_UIApplicationSupportsIndirectInputEvents = YES;
				INFOPLIST_KEY_UILaunchScreen_Generation = YES;
				INFOPLIST_KEY_UISupportedInterfaceOrientations_iPad = "UIInterfaceOrientationPortrait UIInterfaceOrientationPortraitUpsideDown UIInterfaceOrientationLandscapeLeft UIInterfaceOrientationLandscapeRight";
				INFOPLIST_KEY_UISupportedInterfaceOrientations_iPhone = "UIInterfaceOrientationPortrait UIInterfaceOrientationLandscapeLeft UIInterfaceOrientationLandscapeRight";
				IPHONEOS_DEPLOYMENT_TARGET = 15.0;
				LD_RUNPATH_SEARCH_PATHS = (
					"$(inherited)",
					"@executable_path/Frameworks",
				);
				MARKETING_VERSION = 1.0;
				PRODUCT_BUNDLE_IDENTIFIER = com.karinprater.PuzzleAPp;
				PRODUCT_NAME = "$(TARGET_NAME)";
				SWIFT_EMIT_LOC_STRINGS = YES;
				SWIFT_VERSION = 5.0;
				TARGETED_DEVICE_FAMILY = "1,2";
			};
			name = Debug;
		};
		17A9B48926CA34B800E38F4C /* Release */ = {
			isa = XCBuildConfiguration;
			buildSettings = {
				ASSETCATALOG_COMPILER_APPICON_NAME = AppIcon;
				ASSETCATALOG_COMPILER_GLOBAL_ACCENT_COLOR_NAME = AccentColor;
				CODE_SIGN_STYLE = Automatic;
				CURRENT_PROJECT_VERSION = 1;
				DEVELOPMENT_ASSET_PATHS = "\"PuzzleAPp/Preview Content\"";
				ENABLE_PREVIEWS = YES;
				GENERATE_INFOPLIST_FILE = YES;
				INFOPLIST_KEY_UIApplicationSceneManifest_Generation = YES;
				INFOPLIST_KEY_UIApplicationSupportsIndirectInputEvents = YES;
				INFOPLIST_KEY_UILaunchScreen_Generation = YES;
				INFOPLIST_KEY_UISupportedInterfaceOrientations_iPad = "UIInterfaceOrientationPortrait UIInterfaceOrientationPortraitUpsideDown UIInterfaceOrientationLandscapeLeft UIInterfaceOrientationLandscapeRight";
				INFOPLIST_KEY_UISupportedInterfaceOrientations_iPhone = "UIInterfaceOrientationPortrait UIInterfaceOrientationLandscapeLeft UIInterfaceOrientationLandscapeRight";
				IPHONEOS_DEPLOYMENT_TARGET = 15.0;
				LD_RUNPATH_SEARCH_PATHS = (
					"$(inherited)",
					"@executable_path/Frameworks",
				);
				MARKETING_VERSION = 1.0;
				PRODUCT_BUNDLE_IDENTIFIER = com.karinprater.PuzzleAPp;
				PRODUCT_NAME = "$(TARGET_NAME)";
				SWIFT_EMIT_LOC_STRINGS = YES;
				SWIFT_VERSION = 5.0;
				TARGETED_DEVICE_FAMILY = "1,2";
			};
			name = Release;
		};
/* End XCBuildConfiguration section */

/* Begin XCConfigurationList section */
		17A9B47426CA34B600E38F4C /* Build configuration list for PBXProject "PuzzleAPp" */ = {
			isa = XCConfigurationList;
			buildConfigurations = (
				17A9B48526CA34B800E38F4C /* Debug */,
				17A9B48626CA34B800E38F4C /* Release */,
			);
			defaultConfigurationIsVisible = 0;
			defaultConfigurationName = Release;
		};
		17A9B48726CA34B800E38F4C /* Build configuration list for PBXNativeTarget "PuzzleAPp" */ = {
			isa = XCConfigurationList;
			buildConfigurations = (
				17A9B48826CA34B800E38F4C /* Debug */,
				17A9B48926CA34B800E38F4C /* Release */,
			);
			defaultConfigurationIsVisible = 0;
			defaultConfigurationName = Release;
		};
/* End XCConfigurationList section */
	};
	rootObject = 17A9B47126CA34B600E38F4C /* Project object */;
}
